
Microsoft Visual Studio Solution File, Format Version 12.00
# Visual Studio Version 16
VisualStudioVersion = 16.0.31410.357
MinimumVisualStudioVersion = 10.0.40219.1
Project("{FAE04EC0-301F-11D3-BF4B-00C04F79EFBC}") = "Hand2TradeAP.UWP", "Hand2TradeAP\Hand2TradeAP.UWP\Hand2TradeAP.UWP.csproj", "{8B69C856-577F-4D6E-BB1B-DDC1682B88B0}"
EndProject
Project("{FAE04EC0-301F-11D3-BF4B-00C04F79EFBC}") = "Hand2TradeAP.Android", "Hand2TradeAP\Hand2TradeAP.Android\Hand2TradeAP.Android.csproj", "{35EF91D0-31D9-4762-8984-C9E5B5E150FF}"
EndProject
Project("{FAE04EC0-301F-11D3-BF4B-00C04F79EFBC}") = "Hand2TradeAP.iOS", "Hand2TradeAP\Hand2TradeAP.iOS\Hand2TradeAP.iOS.csproj", "{FE8BFE56-2937-45BD-8814-7EF4A1477E1D}"
EndProject
Project("{9A19103F-16F7-4668-BE54-9A1E7A4F7556}") = "Hand2TradeAP", "Hand2TradeAP\Hand2TradeAP\Hand2TradeAP.csproj", "{16A1C0C5-A6AC-4B14-9716-8442B6A5FB43}"
EndProject
Global
	GlobalSection(SolutionConfigurationPlatforms) = preSolution
		Debug|Any CPU = Debug|Any CPU
		Debug|ARM = Debug|ARM
		Debug|iPhone = Debug|iPhone
		Debug|iPhoneSimulator = Debug|iPhoneSimulator
		Debug|x64 = Debug|x64
		Debug|x86 = Debug|x86
		Release|Any CPU = Release|Any CPU
		Release|ARM = Release|ARM
		Release|iPhone = Release|iPhone
		Release|iPhoneSimulator = Release|iPhoneSimulator
		Release|x64 = Release|x64
		Release|x86 = Release|x86
	EndGlobalSection
	GlobalSection(ProjectConfigurationPlatforms) = postSolution
		{8B69C856-577F-4D6E-BB1B-DDC1682B88B0}.Debug|Any CPU.ActiveCfg = Debug|x86
		{8B69C856-577F-4D6E-BB1B-DDC1682B88B0}.Debug|Any CPU.Deploy.0 = Debug|x86
		{8B69C856-577F-4D6E-BB1B-DDC1682B88B0}.Debug|ARM.ActiveCfg = Debug|ARM
		{8B69C856-577F-4D6E-BB1B-DDC1682B88B0}.Debug|ARM.Build.0 = Debug|ARM
		{8B69C856-577F-4D6E-BB1B-DDC1682B88B0}.Debug|ARM.Deploy.0 = Debug|ARM
		{8B69C856-577F-4D6E-BB1B-DDC1682B88B0}.Debug|iPhone.ActiveCfg = Debug|x86
		{8B69C856-577F-4D6E-BB1B-DDC1682B88B0}.Debug|iPhone.Build.0 = Debug|x86
		{8B69C856-577F-4D6E-BB1B-DDC1682B88B0}.Debug|iPhone.Deploy.0 = Debug|x86
		{8B69C856-577F-4D6E-BB1B-DDC1682B88B0}.Debug|iPhoneSimulator.ActiveCfg = Debug|x86
		{8B69C856-577F-4D6E-BB1B-DDC1682B88B0}.Debug|iPhoneSimulator.Build.0 = Debug|x86
		{8B69C856-577F-4D6E-BB1B-DDC1682B88B0}.Debug|iPhoneSimulator.Deploy.0 = Debug|x86
		{8B69C856-577F-4D6E-BB1B-DDC1682B88B0}.Debug|x64.ActiveCfg = Debug|x64
		{8B69C856-577F-4D6E-BB1B-DDC1682B88B0}.Debug|x64.Build.0 = Debug|x64
		{8B69C856-577F-4D6E-BB1B-DDC1682B88B0}.Debug|x64.Deploy.0 = Debug|x64
		{8B69C856-577F-4D6E-BB1B-DDC1682B88B0}.Debug|x86.ActiveCfg = Debug|x86
		{8B69C856-577F-4D6E-BB1B-DDC1682B88B0}.Debug|x86.Build.0 = Debug|x86
		{8B69C856-577F-4D6E-BB1B-DDC1682B88B0}.Debug|x86.Deploy.0 = Debug|x86
		{8B69C856-577F-4D6E-BB1B-DDC1682B88B0}.Release|Any CPU.ActiveCfg = Release|x86
		{8B69C856-577F-4D6E-BB1B-DDC1682B88B0}.Release|Any CPU.Build.0 = Release|x86
		{8B69C856-577F-4D6E-BB1B-DDC1682B88B0}.Release|Any CPU.Deploy.0 = Release|x86
		{8B69C856-577F-4D6E-BB1B-DDC1682B88B0}.Release|ARM.ActiveCfg = Release|ARM
		{8B69C856-577F-4D6E-BB1B-DDC1682B88B0}.Release|ARM.Build.0 = Release|ARM
		{8B69C856-577F-4D6E-BB1B-DDC1682B88B0}.Release|ARM.Deploy.0 = Release|ARM
		{8B69C856-577F-4D6E-BB1B-DDC1682B88B0}.Release|iPhone.ActiveCfg = Release|x86
		{8B69C856-577F-4D6E-BB1B-DDC1682B88B0}.Release|iPhone.Build.0 = Release|x86
		{8B69C856-577F-4D6E-BB1B-DDC1682B88B0}.Release|iPhone.Deploy.0 = Release|x86
		{8B69C856-577F-4D6E-BB1B-DDC1682B88B0}.Release|iPhoneSimulator.ActiveCfg = Release|x86
		{8B69C856-577F-4D6E-BB1B-DDC1682B88B0}.Release|iPhoneSimulator.Build.0 = Release|x86
		{8B69C856-577F-4D6E-BB1B-DDC1682B88B0}.Release|iPhoneSimulator.Deploy.0 = Release|x86
		{8B69C856-577F-4D6E-BB1B-DDC1682B88B0}.Release|x64.ActiveCfg = Release|x64
		{8B69C856-577F-4D6E-BB1B-DDC1682B88B0}.Release|x64.Build.0 = Release|x64
		{8B69C856-577F-4D6E-BB1B-DDC1682B88B0}.Release|x64.Deploy.0 = Release|x64
		{8B69C856-577F-4D6E-BB1B-DDC1682B88B0}.Release|x86.ActiveCfg = Release|x86
		{8B69C856-577F-4D6E-BB1B-DDC1682B88B0}.Release|x86.Build.0 = Release|x86
		{8B69C856-577F-4D6E-BB1B-DDC1682B88B0}.Release|x86.Deploy.0 = Release|x86
		{35EF91D0-31D9-4762-8984-C9E5B5E150FF}.Debug|Any CPU.ActiveCfg = Debug|Any CPU
		{35EF91D0-31D9-4762-8984-C9E5B5E150FF}.Debug|Any CPU.Build.0 = Debug|Any CPU
		{35EF91D0-31D9-4762-8984-C9E5B5E150FF}.Debug|Any CPU.Deploy.0 = Debug|Any CPU
		{35EF91D0-31D9-4762-8984-C9E5B5E150FF}.Debug|ARM.ActiveCfg = Debug|Any CPU
		{35EF91D0-31D9-4762-8984-C9E5B5E150FF}.Debug|ARM.Build.0 = Debug|Any CPU
		{35EF91D0-31D9-4762-8984-C9E5B5E150FF}.Debug|ARM.Deploy.0 = Debug|Any CPU
		{35EF91D0-31D9-4762-8984-C9E5B5E150FF}.Debug|iPhone.ActiveCfg = Debug|Any CPU
		{35EF91D0-31D9-4762-8984-C9E5B5E150FF}.Debug|iPhone.Build.0 = Debug|Any CPU
		{35EF91D0-31D9-4762-8984-C9E5B5E150FF}.Debug|iPhone.Deploy.0 = Debug|Any CPU
		{35EF91D0-31D9-4762-8984-C9E5B5E150FF}.Debug|iPhoneSimulator.ActiveCfg = Debug|Any CPU
		{35EF91D0-31D9-4762-8984-C9E5B5E150FF}.Debug|iPhoneSimulator.Build.0 = Debug|Any CPU
		{35EF91D0-31D9-4762-8984-C9E5B5E150FF}.Debug|iPhoneSimulator.Deploy.0 = Debug|Any CPU
		{35EF91D0-31D9-4762-8984-C9E5B5E150FF}.Debug|x64.ActiveCfg = Debug|Any CPU
		{35EF91D0-31D9-4762-8984-C9E5B5E150FF}.Debug|x64.Build.0 = Debug|Any CPU
		{35EF91D0-31D9-4762-8984-C9E5B5E150FF}.Debug|x64.Deploy.0 = Debug|Any CPU
		{35EF91D0-31D9-4762-8984-C9E5B5E150FF}.Debug|x86.ActiveCfg = Debug|Any CPU
		{35EF91D0-31D9-4762-8984-C9E5B5E150FF}.Debug|x86.Build.0 = Debug|Any CPU
		{35EF91D0-31D9-4762-8984-C9E5B5E150FF}.Debug|x86.Deploy.0 = Debug|Any CPU
		{35EF91D0-31D9-4762-8984-C9E5B5E150FF}.Release|Any CPU.ActiveCfg = Release|Any CPU
		{35EF91D0-31D9-4762-8984-C9E5B5E150FF}.Release|Any CPU.Build.0 = Release|Any CPU
		{35EF91D0-31D9-4762-8984-C9E5B5E150FF}.Release|Any CPU.Deploy.0 = Release|Any CPU
		{35EF91D0-31D9-4762-8984-C9E5B5E150FF}.Release|ARM.ActiveCfg = Release|Any CPU
		{35EF91D0-31D9-4762-8984-C9E5B5E150FF}.Release|ARM.Build.0 = Release|Any CPU
		{35EF91D0-31D9-4762-8984-C9E5B5E150FF}.Release|ARM.Deploy.0 = Release|Any CPU
		{35EF91D0-31D9-4762-8984-C9E5B5E150FF}.Release|iPhone.ActiveCfg = Release|Any CPU
		{35EF91D0-31D9-4762-8984-C9E5B5E150FF}.Release|iPhone.Build.0 = Release|Any CPU
		{35EF91D0-31D9-4762-8984-C9E5B5E150FF}.Release|iPhone.Deploy.0 = Release|Any CPU
		{35EF91D0-31D9-4762-8984-C9E5B5E150FF}.Release|iPhoneSimulator.ActiveCfg = Release|Any CPU
		{35EF91D0-31D9-4762-8984-C9E5B5E150FF}.Release|iPhoneSimulator.Build.0 = Release|Any CPU
		{35EF91D0-31D9-4762-8984-C9E5B5E150FF}.Release|iPhoneSimulator.Deploy.0 = Release|Any CPU
		{35EF91D0-31D9-4762-8984-C9E5B5E150FF}.Release|x64.ActiveCfg = Release|Any CPU
		{35EF91D0-31D9-4762-8984-C9E5B5E150FF}.Release|x64.Build.0 = Release|Any CPU
		{35EF91D0-31D9-4762-8984-C9E5B5E150FF}.Release|x64.Deploy.0 = Release|Any CPU
		{35EF91D0-31D9-4762-8984-C9E5B5E150FF}.Release|x86.ActiveCfg = Release|Any CPU
		{35EF91D0-31D9-4762-8984-C9E5B5E150FF}.Release|x86.Build.0 = Release|Any CPU
		{35EF91D0-31D9-4762-8984-C9E5B5E150FF}.Release|x86.Deploy.0 = Release|Any CPU
		{FE8BFE56-2937-45BD-8814-7EF4A1477E1D}.Debug|Any CPU.ActiveCfg = Debug|iPhoneSimulator
		{FE8BFE56-2937-45BD-8814-7EF4A1477E1D}.Debug|Any CPU.Build.0 = Debug|iPhoneSimulator
		{FE8BFE56-2937-45BD-8814-7EF4A1477E1D}.Debug|Any CPU.Deploy.0 = Debug|iPhoneSimulator
		{FE8BFE56-2937-45BD-8814-7EF4A1477E1D}.Debug|ARM.ActiveCfg = Debug|iPhone
		{FE8BFE56-2937-45BD-8814-7EF4A1477E1D}.Debug|ARM.Build.0 = Debug|iPhone
		{FE8BFE56-2937-45BD-8814-7EF4A1477E1D}.Debug|ARM.Deploy.0 = Debug|iPhone
		{FE8BFE56-2937-45BD-8814-7EF4A1477E1D}.Debug|iPhone.ActiveCfg = Debug|iPhone
		{FE8BFE56-2937-45BD-8814-7EF4A1477E1D}.Debug|iPhone.Build.0 = Debug|iPhone
		{FE8BFE56-2937-45BD-8814-7EF4A1477E1D}.Debug|iPhone.Deploy.0 = Debug|iPhone
		{FE8BFE56-2937-45BD-8814-7EF4A1477E1D}.Debug|iPhoneSimulator.ActiveCfg = Debug|iPhoneSimulator
		{FE8BFE56-2937-45BD-8814-7EF4A1477E1D}.Debug|iPhoneSimulator.Build.0 = Debug|iPhoneSimulator
		{FE8BFE56-2937-45BD-8814-7EF4A1477E1D}.Debug|iPhoneSimulator.Deploy.0 = Debug|iPhoneSimulator
		{FE8BFE56-2937-45BD-8814-7EF4A1477E1D}.Debug|x64.ActiveCfg = Debug|iPhoneSimulator
		{FE8BFE56-2937-45BD-8814-7EF4A1477E1D}.Debug|x64.Build.0 = Debug|iPhoneSimulator
		{FE8BFE56-2937-45BD-8814-7EF4A1477E1D}.Debug|x64.Deploy.0 = Debug|iPhoneSimulator
		{FE8BFE56-2937-45BD-8814-7EF4A1477E1D}.Debug|x86.ActiveCfg = Debug|iPhoneSimulator
		{FE8BFE56-2937-45BD-8814-7EF4A1477E1D}.Debug|x86.Build.0 = Debug|iPhoneSimulator
		{FE8BFE56-2937-45BD-8814-7EF4A1477E1D}.Debug|x86.Deploy.0 = Debug|iPhoneSimulator
		{FE8BFE56-2937-45BD-8814-7EF4A1477E1D}.Release|Any CPU.ActiveCfg = Release|iPhoneSimulator
		{FE8BFE56-2937-45BD-8814-7EF4A1477E1D}.Release|Any CPU.Build.0 = Release|iPhoneSimulator
		{FE8BFE56-2937-45BD-8814-7EF4A1477E1D}.Release|Any CPU.Deploy.0 = Release|iPhoneSimulator
		{FE8BFE56-2937-45BD-8814-7EF4A1477E1D}.Release|ARM.ActiveCfg = Release|iPhoneSimulator
		{FE8BFE56-2937-45BD-8814-7EF4A1477E1D}.Release|ARM.Build.0 = Release|iPhoneSimulator
		{FE8BFE56-2937-45BD-8814-7EF4A1477E1D}.Release|ARM.Deploy.0 = Release|iPhoneSimulator
		{FE8BFE56-2937-45BD-8814-7EF4A1477E1D}.Release|iPhone.ActiveCfg = Release|iPhone
		{FE8BFE56-2937-45BD-8814-7EF4A1477E1D}.Release|iPhone.Build.0 = Release|iPhone
		{FE8BFE56-2937-45BD-8814-7EF4A1477E1D}.Release|iPhone.Deploy.0 = Release|iPhone
		{FE8BFE56-2937-45BD-8814-7EF4A1477E1D}.Release|iPhoneSimulator.ActiveCfg = Release|iPhoneSimulator
		{FE8BFE56-2937-45BD-8814-7EF4A1477E1D}.Release|iPhoneSimulator.Build.0 = Release|iPhoneSimulator
		{FE8BFE56-2937-45BD-8814-7EF4A1477E1D}.Release|iPhoneSimulator.Deploy.0 = Release|iPhoneSimulator
		{FE8BFE56-2937-45BD-8814-7EF4A1477E1D}.Release|x64.ActiveCfg = Release|iPhoneSimulator
		{FE8BFE56-2937-45BD-8814-7EF4A1477E1D}.Release|x64.Build.0 = Release|iPhoneSimulator
		{FE8BFE56-2937-45BD-8814-7EF4A1477E1D}.Release|x64.Deploy.0 = Release|iPhoneSimulator
		{FE8BFE56-2937-45BD-8814-7EF4A1477E1D}.Release|x86.ActiveCfg = Release|iPhoneSimulator
		{FE8BFE56-2937-45BD-8814-7EF4A1477E1D}.Release|x86.Build.0 = Release|iPhoneSimulator
		{FE8BFE56-2937-45BD-8814-7EF4A1477E1D}.Release|x86.Deploy.0 = Release|iPhoneSimulator
		{16A1C0C5-A6AC-4B14-9716-8442B6A5FB43}.Debug|Any CPU.ActiveCfg = Debug|Any CPU
		{16A1C0C5-A6AC-4B14-9716-8442B6A5FB43}.Debug|Any CPU.Build.0 = Debug|Any CPU
		{16A1C0C5-A6AC-4B14-9716-8442B6A5FB43}.Debug|Any CPU.Deploy.0 = Debug|Any CPU
		{16A1C0C5-A6AC-4B14-9716-8442B6A5FB43}.Debug|ARM.ActiveCfg = Debug|Any CPU
		{16A1C0C5-A6AC-4B14-9716-8442B6A5FB43}.Debug|ARM.Build.0 = Debug|Any CPU
		{16A1C0C5-A6AC-4B14-9716-8442B6A5FB43}.Debug|ARM.Deploy.0 = Debug|Any CPU
		{16A1C0C5-A6AC-4B14-9716-8442B6A5FB43}.Debug|iPhone.ActiveCfg = Debug|Any CPU
		{16A1C0C5-A6AC-4B14-9716-8442B6A5FB43}.Debug|iPhone.Build.0 = Debug|Any CPU
		{16A1C0C5-A6AC-4B14-9716-8442B6A5FB43}.Debug|iPhone.Deploy.0 = Debug|Any CPU
		{16A1C0C5-A6AC-4B14-9716-8442B6A5FB43}.Debug|iPhoneSimulator.ActiveCfg = Debug|Any CPU
		{16A1C0C5-A6AC-4B14-9716-8442B6A5FB43}.Debug|iPhoneSimulator.Build.0 = Debug|Any CPU
		{16A1C0C5-A6AC-4B14-9716-8442B6A5FB43}.Debug|iPhoneSimulator.Deploy.0 = Debug|Any CPU
		{16A1C0C5-A6AC-4B14-9716-8442B6A5FB43}.Debug|x64.ActiveCfg = Debug|Any CPU
		{16A1C0C5-A6AC-4B14-9716-8442B6A5FB43}.Debug|x64.Build.0 = Debug|Any CPU
		{16A1C0C5-A6AC-4B14-9716-8442B6A5FB43}.Debug|x64.Deploy.0 = Debug|Any CPU
		{16A1C0C5-A6AC-4B14-9716-8442B6A5FB43}.Debug|x86.ActiveCfg = Debug|Any CPU
		{16A1C0C5-A6AC-4B14-9716-8442B6A5FB43}.Debug|x86.Build.0 = Debug|Any CPU
		{16A1C0C5-A6AC-4B14-9716-8442B6A5FB43}.Debug|x86.Deploy.0 = Debug|Any CPU
		{16A1C0C5-A6AC-4B14-9716-8442B6A5FB43}.Release|Any CPU.ActiveCfg = Release|Any CPU
		{16A1C0C5-A6AC-4B14-9716-8442B6A5FB43}.Release|Any CPU.Build.0 = Release|Any CPU
		{16A1C0C5-A6AC-4B14-9716-8442B6A5FB43}.Release|Any CPU.Deploy.0 = Release|Any CPU
		{16A1C0C5-A6AC-4B14-9716-8442B6A5FB43}.Release|ARM.ActiveCfg = Release|Any CPU
		{16A1C0C5-A6AC-4B14-9716-8442B6A5FB43}.Release|ARM.Build.0 = Release|Any CPU
		{16A1C0C5-A6AC-4B14-9716-8442B6A5FB43}.Release|ARM.Deploy.0 = Release|Any CPU
		{16A1C0C5-A6AC-4B14-9716-8442B6A5FB43}.Release|iPhone.ActiveCfg = Release|Any CPU
		{16A1C0C5-A6AC-4B14-9716-8442B6A5FB43}.Release|iPhone.Build.0 = Release|Any CPU
		{16A1C0C5-A6AC-4B14-9716-8442B6A5FB43}.Release|iPhone.Deploy.0 = Release|Any CPU
		{16A1C0C5-A6AC-4B14-9716-8442B6A5FB43}.Release|iPhoneSimulator.ActiveCfg = Release|Any CPU
		{16A1C0C5-A6AC-4B14-9716-8442B6A5FB43}.Release|iPhoneSimulator.Build.0 = Release|Any CPU
		{16A1C0C5-A6AC-4B14-9716-8442B6A5FB43}.Release|iPhoneSimulator.Deploy.0 = Release|Any CPU
		{16A1C0C5-A6AC-4B14-9716-8442B6A5FB43}.Release|x64.ActiveCfg = Release|Any CPU
		{16A1C0C5-A6AC-4B14-9716-8442B6A5FB43}.Release|x64.Build.0 = Release|Any CPU
		{16A1C0C5-A6AC-4B14-9716-8442B6A5FB43}.Release|x64.Deploy.0 = Release|Any CPU
		{16A1C0C5-A6AC-4B14-9716-8442B6A5FB43}.Release|x86.ActiveCfg = Release|Any CPU
		{16A1C0C5-A6AC-4B14-9716-8442B6A5FB43}.Release|x86.Build.0 = Release|Any CPU
		{16A1C0C5-A6AC-4B14-9716-8442B6A5FB43}.Release|x86.Deploy.0 = Release|Any CPU
	EndGlobalSection
	GlobalSection(SolutionProperties) = preSolution
		HideSolutionNode = FALSE
	EndGlobalSection
	GlobalSection(ExtensibilityGlobals) = postSolution
		SolutionGuid = {4DF0F8E7-B9A5-4139-890D-1A611E539E3A}
	EndGlobalSection
EndGlobal
